
Microsoft Visual Studio Solution File, Format Version 12.00
# Visual Studio Version 18
VisualStudioVersion = 18.0.11205.157 d18.0
MinimumVisualStudioVersion = 10.0.40219.1
Project("{2150E333-8FDC-42A3-9474-1A3956D46DE8}") = "src", "src", "{02EA681E-C7D8-13C7-8484-4AC65E1B71E8}"
EndProject
Project("{2150E333-8FDC-42A3-9474-1A3956D46DE8}") = "ValveGetter", "ValveGetter", "{C0A08A6D-A88E-4C2F-9F4F-80EC5DCD5BD6}"
EndProject
Project("{FAE04EC0-301F-11D3-BF4B-00C04F79EFBC}") = "ValveGetter.UI", "src\ValveGetter\ValveGetter.UI\ValveGetter.UI.csproj", "{15CB4215-EF0F-46A0-B36E-03C8E33F0AD1}"
EndProject
Project("{2150E333-8FDC-42A3-9474-1A3956D46DE8}") = "lib", "lib", "{BE1C33A3-0B8A-46A1-8816-951057F06649}"
EndProject
Project("{2150E333-8FDC-42A3-9474-1A3956D46DE8}") = "installer", "installer", "{B75B8C4B-3F77-4740-AC88-FF1FE3CD287F}"
EndProject
Project("{2150E333-8FDC-42A3-9474-1A3956D46DE8}") = "RevitAPIWrapper", "RevitAPIWrapper", "{2B5CC9A1-B8CF-4D2B-85D2-C2C5BE534BE2}"
EndProject
Project("{2150E333-8FDC-42A3-9474-1A3956D46DE8}") = "Solution Items", "Solution Items", "{8EC462FD-D22E-90A8-E5CE-7E832BA40C5D}"
	ProjectSection(SolutionItems) = preProject
		Directory.Build.props = Directory.Build.props
		Directory.Build.targets = Directory.Build.targets
		global.json = global.json
	EndProjectSection
EndProject
Project("{FAE04EC0-301F-11D3-BF4B-00C04F79EFBC}") = "RevitAPIWrapper", "RevitAPIWrapper\RevitAPIWrapper\RevitAPIWrapper.csproj", "{F41863CD-8888-4AB1-9030-2EC894C63693}"
EndProject
Project("{FAE04EC0-301F-11D3-BF4B-00C04F79EFBC}") = "RevitAddin", "RevitAddin\RevitAddin.csproj", "{F83B68E2-AF7A-4B9F-9AAD-AAF4B679CD33}"
EndProject
Project("{FAE04EC0-301F-11D3-BF4B-00C04F79EFBC}") = "ValveGetter.Command", "src\ValveGetter\ValveGetter.Command\ValveGetter.Command.csproj", "{3BF1D383-BF33-4BA0-8875-C4787F84F577}"
EndProject
Project("{FAE04EC0-301F-11D3-BF4B-00C04F79EFBC}") = "ValveGetter.Core", "src\ValveGetter\ValveGetter.Core\ValveGetter.Core.csproj", "{B32226AF-3934-4967-8BA8-5D42529EF8C6}"
EndProject
Project("{FAE04EC0-301F-11D3-BF4B-00C04F79EFBC}") = "ValveGetter.Settings", "src\ValveGetter\ValveGetter.Settings\ValveGetter.Settings.csproj", "{EB190255-4830-40D4-A256-423AFA3B2601}"
EndProject
Project("{9A19103F-16F7-4668-BE54-9A1E7A4F7556}") = "_build", "build\_build.csproj", "{31F8C1E1-C3A1-420A-9A8D-A5F802114918}"
EndProject
Project("{FAE04EC0-301F-11D3-BF4B-00C04F79EFBC}") = "Extensions", "RevitAPIWrapper\Extensions\Extensions.csproj", "{E4BDBEC5-C721-426E-9C55-A6183EA98513}"
EndProject
Global
	GlobalSection(SolutionConfigurationPlatforms) = preSolution
		Debug R21|Any CPU = Debug R21|Any CPU
		Debug R22|Any CPU = Debug R22|Any CPU
		Debug R23|Any CPU = Debug R23|Any CPU
		Debug R24|Any CPU = Debug R24|Any CPU
		Debug R25|Any CPU = Debug R25|Any CPU
		Debug R26|Any CPU = Debug R26|Any CPU
		Debug|Any CPU = Debug|Any CPU
		Release R21|Any CPU = Release R21|Any CPU
		Release R22|Any CPU = Release R22|Any CPU
		Release R23|Any CPU = Release R23|Any CPU
		Release R24|Any CPU = Release R24|Any CPU
		Release R25|Any CPU = Release R25|Any CPU
		Release R26|Any CPU = Release R26|Any CPU
		Release|Any CPU = Release|Any CPU
	EndGlobalSection
	GlobalSection(ProjectConfigurationPlatforms) = postSolution
		{15CB4215-EF0F-46A0-B36E-03C8E33F0AD1}.Debug R21|Any CPU.ActiveCfg = Debug R21|Any CPU
		{15CB4215-EF0F-46A0-B36E-03C8E33F0AD1}.Debug R21|Any CPU.Build.0 = Debug R21|Any CPU
		{15CB4215-EF0F-46A0-B36E-03C8E33F0AD1}.Debug R22|Any CPU.ActiveCfg = Debug R22|Any CPU
		{15CB4215-EF0F-46A0-B36E-03C8E33F0AD1}.Debug R22|Any CPU.Build.0 = Debug R22|Any CPU
		{15CB4215-EF0F-46A0-B36E-03C8E33F0AD1}.Debug R23|Any CPU.ActiveCfg = Debug R23|Any CPU
		{15CB4215-EF0F-46A0-B36E-03C8E33F0AD1}.Debug R23|Any CPU.Build.0 = Debug R23|Any CPU
		{15CB4215-EF0F-46A0-B36E-03C8E33F0AD1}.Debug R24|Any CPU.ActiveCfg = Debug R24|Any CPU
		{15CB4215-EF0F-46A0-B36E-03C8E33F0AD1}.Debug R24|Any CPU.Build.0 = Debug R24|Any CPU
		{15CB4215-EF0F-46A0-B36E-03C8E33F0AD1}.Debug R25|Any CPU.ActiveCfg = Debug R25|Any CPU
		{15CB4215-EF0F-46A0-B36E-03C8E33F0AD1}.Debug R25|Any CPU.Build.0 = Debug R25|Any CPU
		{15CB4215-EF0F-46A0-B36E-03C8E33F0AD1}.Debug R26|Any CPU.ActiveCfg = Debug R26|Any CPU
		{15CB4215-EF0F-46A0-B36E-03C8E33F0AD1}.Debug R26|Any CPU.Build.0 = Debug R26|Any CPU
		{15CB4215-EF0F-46A0-B36E-03C8E33F0AD1}.Debug|Any CPU.ActiveCfg = Debug|Any CPU
		{15CB4215-EF0F-46A0-B36E-03C8E33F0AD1}.Debug|Any CPU.Build.0 = Debug|Any CPU
		{15CB4215-EF0F-46A0-B36E-03C8E33F0AD1}.Release R21|Any CPU.ActiveCfg = Release R21|Any CPU
		{15CB4215-EF0F-46A0-B36E-03C8E33F0AD1}.Release R21|Any CPU.Build.0 = Release R21|Any CPU
		{15CB4215-EF0F-46A0-B36E-03C8E33F0AD1}.Release R22|Any CPU.ActiveCfg = Release R22|Any CPU
		{15CB4215-EF0F-46A0-B36E-03C8E33F0AD1}.Release R22|Any CPU.Build.0 = Release R22|Any CPU
		{15CB4215-EF0F-46A0-B36E-03C8E33F0AD1}.Release R23|Any CPU.ActiveCfg = Release R23|Any CPU
		{15CB4215-EF0F-46A0-B36E-03C8E33F0AD1}.Release R23|Any CPU.Build.0 = Release R23|Any CPU
		{15CB4215-EF0F-46A0-B36E-03C8E33F0AD1}.Release R24|Any CPU.ActiveCfg = Release R24|Any CPU
		{15CB4215-EF0F-46A0-B36E-03C8E33F0AD1}.Release R24|Any CPU.Build.0 = Release R24|Any CPU
		{15CB4215-EF0F-46A0-B36E-03C8E33F0AD1}.Release R25|Any CPU.ActiveCfg = Release R25|Any CPU
		{15CB4215-EF0F-46A0-B36E-03C8E33F0AD1}.Release R25|Any CPU.Build.0 = Release R25|Any CPU
		{15CB4215-EF0F-46A0-B36E-03C8E33F0AD1}.Release R26|Any CPU.ActiveCfg = Release R26|Any CPU
		{15CB4215-EF0F-46A0-B36E-03C8E33F0AD1}.Release R26|Any CPU.Build.0 = Release R26|Any CPU
		{15CB4215-EF0F-46A0-B36E-03C8E33F0AD1}.Release|Any CPU.ActiveCfg = Release|Any CPU
		{15CB4215-EF0F-46A0-B36E-03C8E33F0AD1}.Release|Any CPU.Build.0 = Release|Any CPU
		{F41863CD-8888-4AB1-9030-2EC894C63693}.Debug R21|Any CPU.ActiveCfg = Debug R21|Any CPU
		{F41863CD-8888-4AB1-9030-2EC894C63693}.Debug R21|Any CPU.Build.0 = Debug R21|Any CPU
		{F41863CD-8888-4AB1-9030-2EC894C63693}.Debug R22|Any CPU.ActiveCfg = Debug R22|Any CPU
		{F41863CD-8888-4AB1-9030-2EC894C63693}.Debug R22|Any CPU.Build.0 = Debug R22|Any CPU
		{F41863CD-8888-4AB1-9030-2EC894C63693}.Debug R23|Any CPU.ActiveCfg = Debug R23|Any CPU
		{F41863CD-8888-4AB1-9030-2EC894C63693}.Debug R23|Any CPU.Build.0 = Debug R23|Any CPU
		{F41863CD-8888-4AB1-9030-2EC894C63693}.Debug R24|Any CPU.ActiveCfg = Debug R24|Any CPU
		{F41863CD-8888-4AB1-9030-2EC894C63693}.Debug R24|Any CPU.Build.0 = Debug R24|Any CPU
		{F41863CD-8888-4AB1-9030-2EC894C63693}.Debug R25|Any CPU.ActiveCfg = Debug R25|Any CPU
		{F41863CD-8888-4AB1-9030-2EC894C63693}.Debug R25|Any CPU.Build.0 = Debug R25|Any CPU
		{F41863CD-8888-4AB1-9030-2EC894C63693}.Debug R26|Any CPU.ActiveCfg = Debug R26|Any CPU
		{F41863CD-8888-4AB1-9030-2EC894C63693}.Debug R26|Any CPU.Build.0 = Debug R26|Any CPU
		{F41863CD-8888-4AB1-9030-2EC894C63693}.Debug|Any CPU.ActiveCfg = Debug R21|Any CPU
		{F41863CD-8888-4AB1-9030-2EC894C63693}.Debug|Any CPU.Build.0 = Debug R21|Any CPU
		{F41863CD-8888-4AB1-9030-2EC894C63693}.Release R21|Any CPU.ActiveCfg = Release R21|Any CPU
		{F41863CD-8888-4AB1-9030-2EC894C63693}.Release R21|Any CPU.Build.0 = Release R21|Any CPU
		{F41863CD-8888-4AB1-9030-2EC894C63693}.Release R22|Any CPU.ActiveCfg = Release R22|Any CPU
		{F41863CD-8888-4AB1-9030-2EC894C63693}.Release R22|Any CPU.Build.0 = Release R22|Any CPU
		{F41863CD-8888-4AB1-9030-2EC894C63693}.Release R23|Any CPU.ActiveCfg = Release R23|Any CPU
		{F41863CD-8888-4AB1-9030-2EC894C63693}.Release R23|Any CPU.Build.0 = Release R23|Any CPU
		{F41863CD-8888-4AB1-9030-2EC894C63693}.Release R24|Any CPU.ActiveCfg = Release R24|Any CPU
		{F41863CD-8888-4AB1-9030-2EC894C63693}.Release R24|Any CPU.Build.0 = Release R24|Any CPU
		{F41863CD-8888-4AB1-9030-2EC894C63693}.Release R25|Any CPU.ActiveCfg = Release R25|Any CPU
		{F41863CD-8888-4AB1-9030-2EC894C63693}.Release R25|Any CPU.Build.0 = Release R25|Any CPU
		{F41863CD-8888-4AB1-9030-2EC894C63693}.Release R26|Any CPU.ActiveCfg = Release R26|Any CPU
		{F41863CD-8888-4AB1-9030-2EC894C63693}.Release R26|Any CPU.Build.0 = Release R26|Any CPU
		{F41863CD-8888-4AB1-9030-2EC894C63693}.Release|Any CPU.ActiveCfg = Release R21|Any CPU
		{F41863CD-8888-4AB1-9030-2EC894C63693}.Release|Any CPU.Build.0 = Release R21|Any CPU
		{F83B68E2-AF7A-4B9F-9AAD-AAF4B679CD33}.Debug R21|Any CPU.ActiveCfg = Debug R21|Any CPU
		{F83B68E2-AF7A-4B9F-9AAD-AAF4B679CD33}.Debug R21|Any CPU.Build.0 = Debug R21|Any CPU
		{F83B68E2-AF7A-4B9F-9AAD-AAF4B679CD33}.Debug R22|Any CPU.ActiveCfg = Debug R22|Any CPU
		{F83B68E2-AF7A-4B9F-9AAD-AAF4B679CD33}.Debug R22|Any CPU.Build.0 = Debug R22|Any CPU
		{F83B68E2-AF7A-4B9F-9AAD-AAF4B679CD33}.Debug R23|Any CPU.ActiveCfg = Debug R23|Any CPU
		{F83B68E2-AF7A-4B9F-9AAD-AAF4B679CD33}.Debug R23|Any CPU.Build.0 = Debug R23|Any CPU
		{F83B68E2-AF7A-4B9F-9AAD-AAF4B679CD33}.Debug R24|Any CPU.ActiveCfg = Debug R24|Any CPU
		{F83B68E2-AF7A-4B9F-9AAD-AAF4B679CD33}.Debug R24|Any CPU.Build.0 = Debug R24|Any CPU
		{F83B68E2-AF7A-4B9F-9AAD-AAF4B679CD33}.Debug R25|Any CPU.ActiveCfg = Debug R25|Any CPU
		{F83B68E2-AF7A-4B9F-9AAD-AAF4B679CD33}.Debug R25|Any CPU.Build.0 = Debug R25|Any CPU
		{F83B68E2-AF7A-4B9F-9AAD-AAF4B679CD33}.Debug R26|Any CPU.ActiveCfg = Debug R26|Any CPU
		{F83B68E2-AF7A-4B9F-9AAD-AAF4B679CD33}.Debug R26|Any CPU.Build.0 = Debug R26|Any CPU
		{F83B68E2-AF7A-4B9F-9AAD-AAF4B679CD33}.Debug|Any CPU.ActiveCfg = Debug R21|Any CPU
		{F83B68E2-AF7A-4B9F-9AAD-AAF4B679CD33}.Debug|Any CPU.Build.0 = Debug R21|Any CPU
		{F83B68E2-AF7A-4B9F-9AAD-AAF4B679CD33}.Release R21|Any CPU.ActiveCfg = Release R21|Any CPU
		{F83B68E2-AF7A-4B9F-9AAD-AAF4B679CD33}.Release R21|Any CPU.Build.0 = Release R21|Any CPU
		{F83B68E2-AF7A-4B9F-9AAD-AAF4B679CD33}.Release R22|Any CPU.ActiveCfg = Release R22|Any CPU
		{F83B68E2-AF7A-4B9F-9AAD-AAF4B679CD33}.Release R22|Any CPU.Build.0 = Release R22|Any CPU
		{F83B68E2-AF7A-4B9F-9AAD-AAF4B679CD33}.Release R23|Any CPU.ActiveCfg = Release R23|Any CPU
		{F83B68E2-AF7A-4B9F-9AAD-AAF4B679CD33}.Release R23|Any CPU.Build.0 = Release R23|Any CPU
		{F83B68E2-AF7A-4B9F-9AAD-AAF4B679CD33}.Release R24|Any CPU.ActiveCfg = Release R24|Any CPU
		{F83B68E2-AF7A-4B9F-9AAD-AAF4B679CD33}.Release R24|Any CPU.Build.0 = Release R24|Any CPU
		{F83B68E2-AF7A-4B9F-9AAD-AAF4B679CD33}.Release R25|Any CPU.ActiveCfg = Release R25|Any CPU
		{F83B68E2-AF7A-4B9F-9AAD-AAF4B679CD33}.Release R25|Any CPU.Build.0 = Release R25|Any CPU
		{F83B68E2-AF7A-4B9F-9AAD-AAF4B679CD33}.Release R26|Any CPU.ActiveCfg = Release R26|Any CPU
		{F83B68E2-AF7A-4B9F-9AAD-AAF4B679CD33}.Release R26|Any CPU.Build.0 = Release R26|Any CPU
		{F83B68E2-AF7A-4B9F-9AAD-AAF4B679CD33}.Release|Any CPU.ActiveCfg = Release R21|Any CPU
		{F83B68E2-AF7A-4B9F-9AAD-AAF4B679CD33}.Release|Any CPU.Build.0 = Release R21|Any CPU
		{3BF1D383-BF33-4BA0-8875-C4787F84F577}.Debug R21|Any CPU.ActiveCfg = Debug R21|Any CPU
		{3BF1D383-BF33-4BA0-8875-C4787F84F577}.Debug R21|Any CPU.Build.0 = Debug R21|Any CPU
		{3BF1D383-BF33-4BA0-8875-C4787F84F577}.Debug R22|Any CPU.ActiveCfg = Debug R22|Any CPU
		{3BF1D383-BF33-4BA0-8875-C4787F84F577}.Debug R22|Any CPU.Build.0 = Debug R22|Any CPU
		{3BF1D383-BF33-4BA0-8875-C4787F84F577}.Debug R23|Any CPU.ActiveCfg = Debug R23|Any CPU
		{3BF1D383-BF33-4BA0-8875-C4787F84F577}.Debug R23|Any CPU.Build.0 = Debug R23|Any CPU
		{3BF1D383-BF33-4BA0-8875-C4787F84F577}.Debug R24|Any CPU.ActiveCfg = Debug R24|Any CPU
		{3BF1D383-BF33-4BA0-8875-C4787F84F577}.Debug R24|Any CPU.Build.0 = Debug R24|Any CPU
		{3BF1D383-BF33-4BA0-8875-C4787F84F577}.Debug R25|Any CPU.ActiveCfg = Debug R25|Any CPU
		{3BF1D383-BF33-4BA0-8875-C4787F84F577}.Debug R25|Any CPU.Build.0 = Debug R25|Any CPU
		{3BF1D383-BF33-4BA0-8875-C4787F84F577}.Debug R26|Any CPU.ActiveCfg = Debug R26|Any CPU
		{3BF1D383-BF33-4BA0-8875-C4787F84F577}.Debug R26|Any CPU.Build.0 = Debug R26|Any CPU
		{3BF1D383-BF33-4BA0-8875-C4787F84F577}.Debug|Any CPU.ActiveCfg = Debug R21|Any CPU
		{3BF1D383-BF33-4BA0-8875-C4787F84F577}.Debug|Any CPU.Build.0 = Debug R21|Any CPU
		{3BF1D383-BF33-4BA0-8875-C4787F84F577}.Release R21|Any CPU.ActiveCfg = Release R21|Any CPU
		{3BF1D383-BF33-4BA0-8875-C4787F84F577}.Release R21|Any CPU.Build.0 = Release R21|Any CPU
		{3BF1D383-BF33-4BA0-8875-C4787F84F577}.Release R22|Any CPU.ActiveCfg = Release R22|Any CPU
		{3BF1D383-BF33-4BA0-8875-C4787F84F577}.Release R22|Any CPU.Build.0 = Release R22|Any CPU
		{3BF1D383-BF33-4BA0-8875-C4787F84F577}.Release R23|Any CPU.ActiveCfg = Release R23|Any CPU
		{3BF1D383-BF33-4BA0-8875-C4787F84F577}.Release R23|Any CPU.Build.0 = Release R23|Any CPU
		{3BF1D383-BF33-4BA0-8875-C4787F84F577}.Release R24|Any CPU.ActiveCfg = Release R24|Any CPU
		{3BF1D383-BF33-4BA0-8875-C4787F84F577}.Release R24|Any CPU.Build.0 = Release R24|Any CPU
		{3BF1D383-BF33-4BA0-8875-C4787F84F577}.Release R25|Any CPU.ActiveCfg = Release R25|Any CPU
		{3BF1D383-BF33-4BA0-8875-C4787F84F577}.Release R25|Any CPU.Build.0 = Release R25|Any CPU
		{3BF1D383-BF33-4BA0-8875-C4787F84F577}.Release R26|Any CPU.ActiveCfg = Release R26|Any CPU
		{3BF1D383-BF33-4BA0-8875-C4787F84F577}.Release R26|Any CPU.Build.0 = Release R26|Any CPU
		{3BF1D383-BF33-4BA0-8875-C4787F84F577}.Release|Any CPU.ActiveCfg = Release R21|Any CPU
		{3BF1D383-BF33-4BA0-8875-C4787F84F577}.Release|Any CPU.Build.0 = Release R21|Any CPU
		{B32226AF-3934-4967-8BA8-5D42529EF8C6}.Debug R21|Any CPU.ActiveCfg = Debug R21|Any CPU
		{B32226AF-3934-4967-8BA8-5D42529EF8C6}.Debug R21|Any CPU.Build.0 = Debug R21|Any CPU
		{B32226AF-3934-4967-8BA8-5D42529EF8C6}.Debug R22|Any CPU.ActiveCfg = Debug R22|Any CPU
		{B32226AF-3934-4967-8BA8-5D42529EF8C6}.Debug R22|Any CPU.Build.0 = Debug R22|Any CPU
		{B32226AF-3934-4967-8BA8-5D42529EF8C6}.Debug R23|Any CPU.ActiveCfg = Debug R23|Any CPU
		{B32226AF-3934-4967-8BA8-5D42529EF8C6}.Debug R23|Any CPU.Build.0 = Debug R23|Any CPU
		{B32226AF-3934-4967-8BA8-5D42529EF8C6}.Debug R24|Any CPU.ActiveCfg = Debug R24|Any CPU
		{B32226AF-3934-4967-8BA8-5D42529EF8C6}.Debug R24|Any CPU.Build.0 = Debug R24|Any CPU
		{B32226AF-3934-4967-8BA8-5D42529EF8C6}.Debug R25|Any CPU.ActiveCfg = Debug R25|Any CPU
		{B32226AF-3934-4967-8BA8-5D42529EF8C6}.Debug R25|Any CPU.Build.0 = Debug R25|Any CPU
		{B32226AF-3934-4967-8BA8-5D42529EF8C6}.Debug R26|Any CPU.ActiveCfg = Debug R26|Any CPU
		{B32226AF-3934-4967-8BA8-5D42529EF8C6}.Debug R26|Any CPU.Build.0 = Debug R26|Any CPU
		{B32226AF-3934-4967-8BA8-5D42529EF8C6}.Debug|Any CPU.ActiveCfg = Debug R21|Any CPU
		{B32226AF-3934-4967-8BA8-5D42529EF8C6}.Debug|Any CPU.Build.0 = Debug R21|Any CPU
		{B32226AF-3934-4967-8BA8-5D42529EF8C6}.Release R21|Any CPU.ActiveCfg = Release R21|Any CPU
		{B32226AF-3934-4967-8BA8-5D42529EF8C6}.Release R21|Any CPU.Build.0 = Release R21|Any CPU
		{B32226AF-3934-4967-8BA8-5D42529EF8C6}.Release R22|Any CPU.ActiveCfg = Release R22|Any CPU
		{B32226AF-3934-4967-8BA8-5D42529EF8C6}.Release R22|Any CPU.Build.0 = Release R22|Any CPU
		{B32226AF-3934-4967-8BA8-5D42529EF8C6}.Release R23|Any CPU.ActiveCfg = Release R23|Any CPU
		{B32226AF-3934-4967-8BA8-5D42529EF8C6}.Release R23|Any CPU.Build.0 = Release R23|Any CPU
		{B32226AF-3934-4967-8BA8-5D42529EF8C6}.Release R24|Any CPU.ActiveCfg = Release R24|Any CPU
		{B32226AF-3934-4967-8BA8-5D42529EF8C6}.Release R24|Any CPU.Build.0 = Release R24|Any CPU
		{B32226AF-3934-4967-8BA8-5D42529EF8C6}.Release R25|Any CPU.ActiveCfg = Release R25|Any CPU
		{B32226AF-3934-4967-8BA8-5D42529EF8C6}.Release R25|Any CPU.Build.0 = Release R25|Any CPU
		{B32226AF-3934-4967-8BA8-5D42529EF8C6}.Release R26|Any CPU.ActiveCfg = Release R26|Any CPU
		{B32226AF-3934-4967-8BA8-5D42529EF8C6}.Release R26|Any CPU.Build.0 = Release R26|Any CPU
		{B32226AF-3934-4967-8BA8-5D42529EF8C6}.Release|Any CPU.ActiveCfg = Release R21|Any CPU
		{B32226AF-3934-4967-8BA8-5D42529EF8C6}.Release|Any CPU.Build.0 = Release R21|Any CPU
		{EB190255-4830-40D4-A256-423AFA3B2601}.Debug R21|Any CPU.ActiveCfg = Debug R21|Any CPU
		{EB190255-4830-40D4-A256-423AFA3B2601}.Debug R21|Any CPU.Build.0 = Debug R21|Any CPU
		{EB190255-4830-40D4-A256-423AFA3B2601}.Debug R22|Any CPU.ActiveCfg = Debug R22|Any CPU
		{EB190255-4830-40D4-A256-423AFA3B2601}.Debug R22|Any CPU.Build.0 = Debug R22|Any CPU
		{EB190255-4830-40D4-A256-423AFA3B2601}.Debug R23|Any CPU.ActiveCfg = Debug R23|Any CPU
		{EB190255-4830-40D4-A256-423AFA3B2601}.Debug R23|Any CPU.Build.0 = Debug R23|Any CPU
		{EB190255-4830-40D4-A256-423AFA3B2601}.Debug R24|Any CPU.ActiveCfg = Debug R24|Any CPU
		{EB190255-4830-40D4-A256-423AFA3B2601}.Debug R24|Any CPU.Build.0 = Debug R24|Any CPU
		{EB190255-4830-40D4-A256-423AFA3B2601}.Debug R25|Any CPU.ActiveCfg = Debug R25|Any CPU
		{EB190255-4830-40D4-A256-423AFA3B2601}.Debug R25|Any CPU.Build.0 = Debug R25|Any CPU
		{EB190255-4830-40D4-A256-423AFA3B2601}.Debug R26|Any CPU.ActiveCfg = Debug R26|Any CPU
		{EB190255-4830-40D4-A256-423AFA3B2601}.Debug R26|Any CPU.Build.0 = Debug R26|Any CPU
		{EB190255-4830-40D4-A256-423AFA3B2601}.Debug|Any CPU.ActiveCfg = Debug R21|Any CPU
		{EB190255-4830-40D4-A256-423AFA3B2601}.Debug|Any CPU.Build.0 = Debug R21|Any CPU
		{EB190255-4830-40D4-A256-423AFA3B2601}.Release R21|Any CPU.ActiveCfg = Release R21|Any CPU
		{EB190255-4830-40D4-A256-423AFA3B2601}.Release R21|Any CPU.Build.0 = Release R21|Any CPU
		{EB190255-4830-40D4-A256-423AFA3B2601}.Release R22|Any CPU.ActiveCfg = Release R22|Any CPU
		{EB190255-4830-40D4-A256-423AFA3B2601}.Release R22|Any CPU.Build.0 = Release R22|Any CPU
		{EB190255-4830-40D4-A256-423AFA3B2601}.Release R23|Any CPU.ActiveCfg = Release R23|Any CPU
		{EB190255-4830-40D4-A256-423AFA3B2601}.Release R23|Any CPU.Build.0 = Release R23|Any CPU
		{EB190255-4830-40D4-A256-423AFA3B2601}.Release R24|Any CPU.ActiveCfg = Release R24|Any CPU
		{EB190255-4830-40D4-A256-423AFA3B2601}.Release R24|Any CPU.Build.0 = Release R24|Any CPU
		{EB190255-4830-40D4-A256-423AFA3B2601}.Release R25|Any CPU.ActiveCfg = Release R25|Any CPU
		{EB190255-4830-40D4-A256-423AFA3B2601}.Release R25|Any CPU.Build.0 = Release R25|Any CPU
		{EB190255-4830-40D4-A256-423AFA3B2601}.Release R26|Any CPU.ActiveCfg = Release R26|Any CPU
		{EB190255-4830-40D4-A256-423AFA3B2601}.Release R26|Any CPU.Build.0 = Release R26|Any CPU
		{EB190255-4830-40D4-A256-423AFA3B2601}.Release|Any CPU.ActiveCfg = Release R21|Any CPU
		{EB190255-4830-40D4-A256-423AFA3B2601}.Release|Any CPU.Build.0 = Release R21|Any CPU
		{31F8C1E1-C3A1-420A-9A8D-A5F802114918}.Debug R21|Any CPU.ActiveCfg = Debug|Any CPU
		{31F8C1E1-C3A1-420A-9A8D-A5F802114918}.Debug R22|Any CPU.ActiveCfg = Debug|Any CPU
		{31F8C1E1-C3A1-420A-9A8D-A5F802114918}.Debug R23|Any CPU.ActiveCfg = Debug|Any CPU
		{31F8C1E1-C3A1-420A-9A8D-A5F802114918}.Debug R24|Any CPU.ActiveCfg = Debug|Any CPU
		{31F8C1E1-C3A1-420A-9A8D-A5F802114918}.Debug R25|Any CPU.ActiveCfg = Debug|Any CPU
		{31F8C1E1-C3A1-420A-9A8D-A5F802114918}.Debug R26|Any CPU.ActiveCfg = Debug|Any CPU
		{31F8C1E1-C3A1-420A-9A8D-A5F802114918}.Debug|Any CPU.ActiveCfg = Debug|Any CPU
		{31F8C1E1-C3A1-420A-9A8D-A5F802114918}.Release R21|Any CPU.ActiveCfg = Release|Any CPU
		{31F8C1E1-C3A1-420A-9A8D-A5F802114918}.Release R22|Any CPU.ActiveCfg = Release|Any CPU
		{31F8C1E1-C3A1-420A-9A8D-A5F802114918}.Release R23|Any CPU.ActiveCfg = Release|Any CPU
		{31F8C1E1-C3A1-420A-9A8D-A5F802114918}.Release R24|Any CPU.ActiveCfg = Release|Any CPU
		{31F8C1E1-C3A1-420A-9A8D-A5F802114918}.Release R25|Any CPU.ActiveCfg = Release|Any CPU
		{31F8C1E1-C3A1-420A-9A8D-A5F802114918}.Release R26|Any CPU.ActiveCfg = Release|Any CPU
		{31F8C1E1-C3A1-420A-9A8D-A5F802114918}.Release|Any CPU.ActiveCfg = Release|Any CPU
		{E4BDBEC5-C721-426E-9C55-A6183EA98513}.Debug R21|Any CPU.ActiveCfg = Debug R21|Any CPU
		{E4BDBEC5-C721-426E-9C55-A6183EA98513}.Debug R21|Any CPU.Build.0 = Debug R21|Any CPU
		{E4BDBEC5-C721-426E-9C55-A6183EA98513}.Debug R22|Any CPU.ActiveCfg = Debug R22|Any CPU
		{E4BDBEC5-C721-426E-9C55-A6183EA98513}.Debug R22|Any CPU.Build.0 = Debug R22|Any CPU
		{E4BDBEC5-C721-426E-9C55-A6183EA98513}.Debug R23|Any CPU.ActiveCfg = Debug R23|Any CPU
		{E4BDBEC5-C721-426E-9C55-A6183EA98513}.Debug R23|Any CPU.Build.0 = Debug R23|Any CPU
		{E4BDBEC5-C721-426E-9C55-A6183EA98513}.Debug R24|Any CPU.ActiveCfg = Debug R24|Any CPU
		{E4BDBEC5-C721-426E-9C55-A6183EA98513}.Debug R24|Any CPU.Build.0 = Debug R24|Any CPU
		{E4BDBEC5-C721-426E-9C55-A6183EA98513}.Debug R25|Any CPU.ActiveCfg = Debug R25|Any CPU
		{E4BDBEC5-C721-426E-9C55-A6183EA98513}.Debug R25|Any CPU.Build.0 = Debug R25|Any CPU
		{E4BDBEC5-C721-426E-9C55-A6183EA98513}.Debug R26|Any CPU.ActiveCfg = Debug R26|Any CPU
		{E4BDBEC5-C721-426E-9C55-A6183EA98513}.Debug R26|Any CPU.Build.0 = Debug R26|Any CPU
		{E4BDBEC5-C721-426E-9C55-A6183EA98513}.Debug|Any CPU.ActiveCfg = Debug R21|Any CPU
		{E4BDBEC5-C721-426E-9C55-A6183EA98513}.Debug|Any CPU.Build.0 = Debug R21|Any CPU
		{E4BDBEC5-C721-426E-9C55-A6183EA98513}.Release R21|Any CPU.ActiveCfg = Release R21|Any CPU
		{E4BDBEC5-C721-426E-9C55-A6183EA98513}.Release R21|Any CPU.Build.0 = Release R21|Any CPU
		{E4BDBEC5-C721-426E-9C55-A6183EA98513}.Release R22|Any CPU.ActiveCfg = Release R22|Any CPU
		{E4BDBEC5-C721-426E-9C55-A6183EA98513}.Release R22|Any CPU.Build.0 = Release R22|Any CPU
		{E4BDBEC5-C721-426E-9C55-A6183EA98513}.Release R23|Any CPU.ActiveCfg = Release R23|Any CPU
		{E4BDBEC5-C721-426E-9C55-A6183EA98513}.Release R23|Any CPU.Build.0 = Release R23|Any CPU
		{E4BDBEC5-C721-426E-9C55-A6183EA98513}.Release R24|Any CPU.ActiveCfg = Release R24|Any CPU
		{E4BDBEC5-C721-426E-9C55-A6183EA98513}.Release R24|Any CPU.Build.0 = Release R24|Any CPU
		{E4BDBEC5-C721-426E-9C55-A6183EA98513}.Release R25|Any CPU.ActiveCfg = Release R25|Any CPU
		{E4BDBEC5-C721-426E-9C55-A6183EA98513}.Release R25|Any CPU.Build.0 = Release R25|Any CPU
		{E4BDBEC5-C721-426E-9C55-A6183EA98513}.Release R26|Any CPU.ActiveCfg = Release R26|Any CPU
		{E4BDBEC5-C721-426E-9C55-A6183EA98513}.Release R26|Any CPU.Build.0 = Release R26|Any CPU
		{E4BDBEC5-C721-426E-9C55-A6183EA98513}.Release|Any CPU.ActiveCfg = Release R21|Any CPU
		{E4BDBEC5-C721-426E-9C55-A6183EA98513}.Release|Any CPU.Build.0 = Release R21|Any CPU
	EndGlobalSection
	GlobalSection(SolutionProperties) = preSolution
		HideSolutionNode = FALSE
	EndGlobalSection
	GlobalSection(NestedProjects) = preSolution
		{C0A08A6D-A88E-4C2F-9F4F-80EC5DCD5BD6} = {02EA681E-C7D8-13C7-8484-4AC65E1B71E8}
		{15CB4215-EF0F-46A0-B36E-03C8E33F0AD1} = {C0A08A6D-A88E-4C2F-9F4F-80EC5DCD5BD6}
		{F41863CD-8888-4AB1-9030-2EC894C63693} = {2B5CC9A1-B8CF-4D2B-85D2-C2C5BE534BE2}
		{3BF1D383-BF33-4BA0-8875-C4787F84F577} = {C0A08A6D-A88E-4C2F-9F4F-80EC5DCD5BD6}
		{B32226AF-3934-4967-8BA8-5D42529EF8C6} = {C0A08A6D-A88E-4C2F-9F4F-80EC5DCD5BD6}
		{EB190255-4830-40D4-A256-423AFA3B2601} = {C0A08A6D-A88E-4C2F-9F4F-80EC5DCD5BD6}
		{E4BDBEC5-C721-426E-9C55-A6183EA98513} = {2B5CC9A1-B8CF-4D2B-85D2-C2C5BE534BE2}
	EndGlobalSection
	GlobalSection(ExtensibilityGlobals) = postSolution
		SolutionGuid = {BEF7E553-92C4-46FF-A4AF-392A80376503}
	EndGlobalSection
EndGlobal
